{
  "version": 4,
  "terraform_version": "1.12.2",
  "serial": 132,
  "lineage": "50e87e46-559f-cacf-9c58-565f632d2ade",
  "outputs": {},
  "resources": [
    {
      "module": "module.aks",
      "mode": "data",
      "type": "azurerm_container_registry",
      "name": "datacontainerregistry",
      "provider": "provider[\"registry.terraform.io/hashicorp/azurerm\"]",
      "instances": [
        {
          "index_key": "aks1",
          "schema_version": 0,
          "attributes": {
            "admin_enabled": false,
            "admin_password": null,
            "admin_username": null,
            "data_endpoint_enabled": false,
            "data_endpoint_host_names": [],
            "id": "/subscriptions/249a05f7-c643-4c2a-a2b0-0c1dc39022b7/resourceGroups/k8s-rg/providers/Microsoft.ContainerRegistry/registries/awasthi123432121",
            "location": "centralindia",
            "login_server": "awasthi123432121.azurecr.io",
            "name": "awasthi123432121",
            "resource_group_name": "k8s-rg",
            "sku": "Standard",
            "tags": {
              "App": "k8s",
              "Env": "dev"
            },
            "timeouts": null
          },
          "sensitive_attributes": [],
          "identity_schema_version": 0
        }
      ]
    },
    {
      "module": "module.aks",
      "mode": "managed",
      "type": "azurerm_kubernetes_cluster",
      "name": "AKS",
      "provider": "provider[\"registry.terraform.io/hashicorp/azurerm\"]",
      "instances": [
        {
          "index_key": "aks1",
          "schema_version": 2,
          "attributes": {
            "aci_connector_linux": [],
            "ai_toolchain_operator_enabled": false,
            "api_server_access_profile": [],
            "auto_scaler_profile": [
              {
                "balance_similar_node_groups": false,
                "daemonset_eviction_for_empty_nodes_enabled": false,
                "daemonset_eviction_for_occupied_nodes_enabled": true,
                "empty_bulk_delete_max": "10",
                "expander": "random",
                "ignore_daemonsets_utilization_enabled": false,
                "max_graceful_termination_sec": "600",
                "max_node_provisioning_time": "15m",
                "max_unready_nodes": 3,
                "max_unready_percentage": 45,
                "new_pod_scale_up_delay": "0s",
                "scale_down_delay_after_add": "10m",
                "scale_down_delay_after_delete": "10s",
                "scale_down_delay_after_failure": "3m",
                "scale_down_unneeded": "10m",
                "scale_down_unready": "20m",
                "scale_down_utilization_threshold": "0.5",
                "scan_interval": "10s",
                "skip_nodes_with_local_storage": false,
                "skip_nodes_with_system_pods": true
              }
            ],
            "automatic_upgrade_channel": "",
            "azure_active_directory_role_based_access_control": [],
            "azure_policy_enabled": null,
            "bootstrap_profile": [
              {
                "artifact_source": "Direct",
                "container_registry_id": ""
              }
            ],
            "confidential_computing": [],
            "cost_analysis_enabled": false,
            "current_kubernetes_version": "1.32.5",
            "custom_ca_trust_certificates_base64": null,
            "default_node_pool": [
              {
                "auto_scaling_enabled": true,
                "capacity_reservation_group_id": "",
                "fips_enabled": false,
                "gpu_driver": "",
                "gpu_instance": "",
                "host_encryption_enabled": false,
                "host_group_id": "",
                "kubelet_config": [],
                "kubelet_disk_type": "OS",
                "linux_os_config": [],
                "max_count": 2,
                "max_pods": 80,
                "min_count": 1,
                "name": "default",
                "node_count": 1,
                "node_labels": {},
                "node_network_profile": [],
                "node_public_ip_enabled": false,
                "node_public_ip_prefix_id": "",
                "only_critical_addons_enabled": false,
                "orchestrator_version": "1.32.5",
                "os_disk_size_gb": 128,
                "os_disk_type": "Managed",
                "os_sku": "Ubuntu",
                "pod_subnet_id": "",
                "proximity_placement_group_id": "",
                "scale_down_mode": "Delete",
                "snapshot_id": "",
                "tags": null,
                "temporary_name_for_rotation": "",
                "type": "VirtualMachineScaleSets",
                "ultra_ssd_enabled": false,
                "upgrade_settings": [
                  {
                    "drain_timeout_in_minutes": 0,
                    "max_surge": "10%",
                    "node_soak_duration_in_minutes": 0
                  }
                ],
                "vm_size": "Standard_D2as_v5",
                "vnet_subnet_id": "",
                "workload_runtime": "",
                "zones": null
              }
            ],
            "disk_encryption_set_id": "",
            "dns_prefix": "hero",
            "dns_prefix_private_cluster": "",
            "edge_zone": "",
            "fqdn": "hero-nxkmkf08.hcp.centralindia.azmk8s.io",
            "http_application_routing_enabled": null,
            "http_application_routing_zone_name": null,
            "http_proxy_config": [],
            "id": "/subscriptions/249a05f7-c643-4c2a-a2b0-0c1dc39022b7/resourceGroups/k8s-rg/providers/Microsoft.ContainerService/managedClusters/hero-aks",
            "identity": [
              {
                "identity_ids": null,
                "principal_id": "4bfa8851-8ca3-4091-933b-2fa06a6b0503",
                "tenant_id": "b75678b1-5da4-4dd9-be65-cd593a87517c",
                "type": "SystemAssigned"
              }
            ],
            "image_cleaner_enabled": null,
            "image_cleaner_interval_hours": null,
            "ingress_application_gateway": [],
            "key_management_service": [],
            "key_vault_secrets_provider": [],
            "kube_admin_config": [],
            "kube_admin_config_raw": "",
            "kube_config": [
              {
                "client_certificate": "LS0tLS1CRUdJTiBDRVJUSUZJQ0FURS0tLS0tCk1JSUZIakNDQXdhZ0F3SUJBZ0lSQUpqeHo0bjhrUldnUTJ6b1RzY0pXSTB3RFFZSktvWklodmNOQVFFTEJRQXcKRFRFTE1Ba0dBMVVFQXhNQ1kyRXdIaGNOTWpVeE1qQTVNVEl6TWpJM1doY05NamN4TWpBNU1USTBNakkzV2pBdwpNUmN3RlFZRFZRUUtFdzV6ZVhOMFpXMDZiV0Z6ZEdWeWN6RVZNQk1HQTFVRUF4TU1iV0Z6ZEdWeVkyeHBaVzUwCk1JSUNJakFOQmdrcWhraUc5dzBCQVFFRkFBT0NBZzhBTUlJQ0NnS0NBZ0VBNTJ1UFZPMG9jeDRhTlBQbXg0ekEKS2srU09Cb3lHazd2SFMvRzh3anpsQU1jMHE0SkMyVDViZkpFQU5TY013TTlZMncwTmhnYXk2ZTdQemlXZHhoLwpjNlFKSWtrWTdtaU5Tb2J1UVdXcXBnOGFTTU9EcXJHbXQ5Tlhjcyt3TUdqM0gwTlk0KzgyV0x3YXRmRGg0bEpNCmsveUlXZEpqWFkxUzRwcG05Y2UxVUNiRVFmcEpoWTkyWDdoYjBMMWRIc3UrdnAwRXh5dVYvbDZJSmpsL3BOS2EKSDd4Ni8xMlNUTjUxd3FCQVJrUFhlbHNRTFJtQlBMelF6UmpDOWJRbU1TYWFISi9YQTNOcjhKYmw1dFh1QzBmVgo3c3ptZjhtN0IzVlhRZm5TNCtocFE3RlJtMm5kUGJ0aWl4bmVFdllXejBBWG1WM0ZFbitBbzVvWVpibnFSNTIxClNuUmJNMDh4WnV5UUJkUGswZkJZWFUrZHl3TFMzczBNajJmMG1NVnhlTEV6VnE1NWhjc2VrZ3BVK3dmUmxiemQKcTdKZ0dVQWZtdzZiNEFyL2FMUjMwRFUxTUxveEo2WEdLSTQwby8vMHZCRWhWL25TM2RTSndieFZWalZOL1l4NQovMW01RCt5TjZnK0FyVXMvN0FBZ0N5Z1dLTU1aRkYwM05adlBEWUJicWNJd3BvYzhMWHFTaEUwbjFhSWloUXlsCkI2L1JZY09ZZDEzd0ZwaTZjSjEySjJnKzZ6TWN3b0dxUDBTZFFGeEk3SkRqMXRNTU5FdFhJRE1Gd3dZYjlYR0QKM0hpVW4vbC8ycDVCYjFsaHdSZVA5TGk5NkFWT2JwNGRESVNyN1pVbXVXRXZ5ZC92OEtab3VnU1RhZjU4MVREZQppN1QvZEJ0RmtFTnVKMmF6UFFuRVQyRUNBd0VBQWFOV01GUXdEZ1lEVlIwUEFRSC9CQVFEQWdXZ01CTUdBMVVkCkpRUU1NQW9HQ0NzR0FRVUZCd01DTUF3R0ExVWRFd0VCL3dRQ01BQXdId1lEVlIwakJCZ3dGb0FVMXEvTXBqd2UKQ0lSRjBXOEx0bHBjQ2dIVE5IUXdEUVlKS29aSWh2Y05BUUVMQlFBRGdnSUJBSmdNRjUzcnNTR3gvRnFMY2Zvcgp2a0ZpU1VYQTQyTG12R2dqK2x5Wk9vbWJWdGlydDlRQ214R083U01PaTZCWUJZZ3kvdzRyb0dQU1V4WW5LejA3CnFPQmpUOGVLMkZtUWJNREFZNDluWkRoaWE4S0pOZWVsYW9HYktKZjdqNHB4NlBDRWZYMi9BYy9wS0w1Nk15bGwKUDJVOGh6NmljalFjRHdBcWRsUWtHeXdHMmNmUlVYSTBkTHR2c21vSDJ5ekpzNFVscENRbHkwNnJjOENoYTB2eApQSnA2a0tseHRocTVoT1M3Y0lrQy84aldLLzk3eWtCWEJvUHZGb2Y2VXJZaVBtVVJCYWR3YnpiWDUxMVVpQ2M2CnpOK1FhR1MvSytHM1hxKzd3Y3F1dXpDZWVCSUZOM2QxUmxoWG1OdzZ1UW1XNXNxSDllb1lSTWxXOW1lTTdvV20KNEdtdzFuMm9jZ050eWg1dDl3SDZ2bXorL3VlMXd5VllmZFhCeUVaTDg0YWxlTlZXeGUzR2JKakp0dGZnam9SWgpwSjVDMmhVejZMU3VwY0hHTGdoNDJyMkNQNWtYZllYRmozV2xoS1Nqa2RPM0JuZzgwaTcxQXFUZzA1aEdqaS9ICkNvSllBUktXZmpoSTRzN09nUk1jeDZVemdXSHB5SEpsZjJXU29FNkE3b1pSZFA3ZGZjZERzMUlGNjRCMHU4aFUKNUpEWlNuTWovNXE1d3I1Vkx6eTFpN2ZGa2ZlaFZRUE10WDQzL0padG9Wcy81am5Hem5mVkxzcDY5WkRiZzMrZQpTNW9HcHBldUhZc0V1anBwQnpuRVpYWnIxZWtSYk5DMHVVbzUrTk5WWjZqTlp5aDY1bU5qcktwOEFpaVU3dnFFCituZnFmemhDMEc0djJiaTBzVkFUazUwZQotLS0tLUVORCBDRVJUSUZJQ0FURS0tLS0tCg==",
                "client_key": "LS0tLS1CRUdJTiBSU0EgUFJJVkFURSBLRVktLS0tLQpNSUlKS1FJQkFBS0NBZ0VBNTJ1UFZPMG9jeDRhTlBQbXg0ekFLaytTT0JveUdrN3ZIUy9HOHdqemxBTWMwcTRKCkMyVDViZkpFQU5TY013TTlZMncwTmhnYXk2ZTdQemlXZHhoL2M2UUpJa2tZN21pTlNvYnVRV1dxcGc4YVNNT0QKcXJHbXQ5Tlhjcyt3TUdqM0gwTlk0KzgyV0x3YXRmRGg0bEpNay95SVdkSmpYWTFTNHBwbTljZTFVQ2JFUWZwSgpoWTkyWDdoYjBMMWRIc3UrdnAwRXh5dVYvbDZJSmpsL3BOS2FIN3g2LzEyU1RONTF3cUJBUmtQWGVsc1FMUm1CClBMelF6UmpDOWJRbU1TYWFISi9YQTNOcjhKYmw1dFh1QzBmVjdzem1mOG03QjNWWFFmblM0K2hwUTdGUm0ybmQKUGJ0aWl4bmVFdllXejBBWG1WM0ZFbitBbzVvWVpibnFSNTIxU25SYk0wOHhadXlRQmRQazBmQllYVStkeXdMUwozczBNajJmMG1NVnhlTEV6VnE1NWhjc2VrZ3BVK3dmUmxiemRxN0pnR1VBZm13NmI0QXIvYUxSMzBEVTFNTG94Cko2WEdLSTQwby8vMHZCRWhWL25TM2RTSndieFZWalZOL1l4NS8xbTVEK3lONmcrQXJVcy83QUFnQ3lnV0tNTVoKRkYwM05adlBEWUJicWNJd3BvYzhMWHFTaEUwbjFhSWloUXlsQjYvUlljT1lkMTN3RnBpNmNKMTJKMmcrNnpNYwp3b0dxUDBTZFFGeEk3SkRqMXRNTU5FdFhJRE1Gd3dZYjlYR0QzSGlVbi9sLzJwNUJiMWxod1JlUDlMaTk2QVZPCmJwNGRESVNyN1pVbXVXRXZ5ZC92OEtab3VnU1RhZjU4MVREZWk3VC9kQnRGa0VOdUoyYXpQUW5FVDJFQ0F3RUEKQVFLQ0FnQUJFQ2JlR1BJT2I5TW0zcjgyMTlZZTU2Tk1RYzRNdmdPMkVJenZXMEZic3VVMk1FMmJOVnM2T3FKKwpkcnVTTml2Sk5mTTZNNk9GWDV1U0NYZHkrL3hEWnF1eVVpL0VzaHNpamxMQVB3aGc5NGtyVUFjZUFNK0xVUU9xCkE4dGJXSk1ZakJ1WG5mYmo0dGJVVXNORjRmTUhPOEh3V0RHanlaRTV1R1A4VVc3Yk83ZGJkbnZ4bXJCc2RZVkoKOU9HOWNVb0t0Ly9RYnFwRGF6R2d5OU15MlpNU3pkL0toaVowdHhHblM0dEtDMWdkUURkM2ZwSlAraTNUSUYvTwpaMFhFNUdpUk5MaUZFL25aSnNkTzkzait5U1ZoNGNQMkRySWUwVmFkbDJsRktlRllhZE5PTlliNk9HNzJKTC8yCitqV04vWTFTTTNxakdHMzV5bXlkNUlRUGtNbFhPRXVQOUl2QmcraGpGRC9oYndWKzhRRnlBT0hvb3J5MW5nT3oKRGFHdm9Sb2lqSjJ5eFUxbUZRakZUeW1WZ1lMYWRKbmhhU3F0TUhBUHUvU0k4TVdkTzlrM3o3RERTTHFqd3lkNgpnU2NhMVBOR3N1YXNlR1o2UVo5YzAwYWZKLzlwSGplVmY4ajlSTUExT2t6V2lieWVmc2Z5d0tyU2RpYTdpL1phCkVEbnRLZUxvZjFheHFkOS9SejhvTW01V0hPRysxTnNMRmJiSXNyS3ZJV2FicnBDeUY2NkxYYlZ6cEdET1dUR2oKaVd1UkdGSURidi9hUTB5Y3QvR3NWUHhEc2V2T0JIRHFSY3cxY1JORVcyL05KeERQWjE1TWFUZkRBcHJNdVRkSQpZSTBNS0twNlg3K1ZJZmF4RXM3TGUrNWxibHF6VlNJaGtjWTlDTUdwbDZhTkdoR3pBUUtDQVFFQStjY2cxRDN6CjlHKzE1TC8wSldnVDRCSkxWYjI0L01FZjlocHF4QnorTlVEQ011MkJVVHd6YVQ4QkttUDc3V1pleXVHRDlRbTMKNzNKMlJ5R1V4ellreU5hZ2lEWDlCaWI0dXlFYkdBU1c3Y2ZGbTAxNXJXUmxkbktNaVhzc21oTFhKVVlkaEtVagpuN0pxSm5wanJmaVpucllYUDY2VlFDa3hMTWhlOXRtcVZ6UHhjTVI0ZWo2ZDZLVis2YXlMOWoxZWlqRHNIcE83CnVjeDhFSXdxOTdCeGFPZXlxRzEwc1hMSTV5SjRyb3J1ajEzY2p6L3c0bFdPbUhOUWoyUWV5TEJWQ3VUQWZZckgKc0pXT0F5TXdsbjVlM1UzbTJPVStteFJoNDdSeXpXT005b21GUGRWSmE0NzdlZVFrNkt2MWhoaGtmbWNwZ0EzZAp2WFZsMllGalBUQjg0UUtDQVFFQTdTOWNvY2Vvbk9mdnUwOERtK2wyY3NiYXBjVW1IV0ZtMjRCT2tVR01yalh5CkVnQzIxSjVJWFlFSmZraHFZSkRKQ1c4cE5ZcGx3dlJWbStLWDRLcngrb1U1S3cvM3hVS2RpQ1pFTHh6YWJCNjQKTjU3MUJFWWZ3d3c3Y1lQbWViVHFqZUZBYlkxdEc3SnV0enliM2lvQ2ZyMjhFR1pMZXFNOVppRi9peW42RE01YgpmTi81MGdJSXVzUDN1b0ZQRE5waERLWVhKWG02SFlRMU4rTmZtQ283MEpBWlBJNldTZHRVSThaZVpyU1NsdUFPCklWUkFUZysrVGQ2VStzRkFVRWxuY0V1ZWQxbDVYUDRMLzZSNVZ2VE9oSHJFb0prLzJ6cjdTaXpxNWdOTStQWkYKU29FMzJnS1Uwc0ZOdHcyOFV6MEtFbFBoZFpoRDdzUWNpUlkybUMraWdRS0NBUUVBcmhFL3A2bWxJV3ZZYnhuMgpvenJzM3ZMZzNWZmlXd0ticTM2dGVRNWJlZkV2WlI1dlNKV1Rubnp4NndEU3lKYlc2THhRb2F1c0s0cXhNdEVNClJlaE5xa2tvaHNSWkdMaUFEcWo3b0xsU0ZWTnJPdGU3UEVNREVwQ3hyLzNQRDNDaHpyQVdVaUpqdVI4MUtxdVEKVytVcjZaY3NqSXkySm9pT1pJOGUzeGpCeFJQRjVyaUUzV3hWejVQRjVrTUJKeEdObVBDUEhLQUg2MnU5NmlwRQpwMmluSUZ5WC9SaUtnajlrRXUvSytwaUh1QkhKYTJzOEMvOWo2SW8wVWptTDJvQklROWMyN2thUTgxYkdLUm1VCitzd0dnR09SeFFXOW80V0kwbzhta2t3V0tKbWQ2WUdDTVJycjFmNVFXblc4SFQ5U2lXU0xYMXBLZFlZaS9IbFgKRjRWN0FRS0NBUUVBclpyS0FYd2pWVjJLb2g0T2RUTW55SkQyZnZsVGtaTzJkcGx1YUhHREtBeENONTBnTlhYNQpYNzlRRkllcW5TMjhpRlE5NUh0OVNub09vei95akxaeTBUeHNBTEg2Vi84UFVSVTVPUWEwZFFqekszc0V1ZkVkCjFHVUNxVzZ5NW9oZVdpVHlSSDJNekFZSmRjTStEeG5PbzdmNmpFSmpvc3NTNk10Q0VMbFQxY1hCUHlDdE9XTFYKd3VZblQvTFB5b2VaRzJvQ2JTS3c4R1BSbEN1dno2K3lBbEZHdDRWaVNZTHBEaHBuQkdQTkcvTzVRL25uNjNzbwpmdFNaVlFUWUx5dmJNMTJXQ3FPSjZsL2twbVJia0NNMWVkQm1WV3AyUzkvYkNJcmlFQ09BVm9Yalo4bzIrREtGCmZkR1JNWmd6TFBYemhrQ3hPS0tQcnBjS2oraWJZejhTZ1FLQ0FRQXZ3NnJLSjhSaFVQWjkzM0FERm14Q2dIZW4KaFNTRm1sY09udW4wWXFkU1ZkZnhLZHRaVW5rMW4zMDJGVDJpWU1TaTlMUi9xTnNUcFQydTlwQmpGT1VSblJmQgptby9PR3QwYWxCaSt1YVpzbzhyN3ZBSmhVZnBWc0NTVVgvMXJBOGFaL29WUGQ4NUpnalBSR0s4STFNbGxpUWdDClpoMXZiRCtJcjdwdlQ1a0lZcTFvVzRCcFNHTEt6UGtVb3V0UWlPdXV5cVZZSTI5VEJrWisrTGVOWHh4aWRPOVoKMm5paTE5MzBHeS84VEVURlhkeWNOTGVKYWlVcXRycmkzWlczcDN5QkFlL2F6eEZyOXBNZktKS1k4U2NLZWNOOApTbWxuSTN3eXpnVVByeGhQK2FUN2EyWkRIN1Rpc2RMZE14NEEvOU5ZR25VMnpDa1hJZEt2RGV2L1NURjkKLS0tLS1FTkQgUlNBIFBSSVZBVEUgS0VZLS0tLS0K",
                "cluster_ca_certificate": "LS0tLS1CRUdJTiBDRVJUSUZJQ0FURS0tLS0tCk1JSUU2RENDQXRDZ0F3SUJBZ0lRZkI0ZENKRVY3T0tRZ1d1RXh3dTNjakFOQmdrcWhraUc5dzBCQVFzRkFEQU4KTVFzd0NRWURWUVFERXdKallUQWdGdzB5TlRFeU1Ea3hNak15TWpkYUdBOHlNRFUxTVRJd09URXlOREl5TjFvdwpEVEVMTUFrR0ExVUVBeE1DWTJFd2dnSWlNQTBHQ1NxR1NJYjNEUUVCQVFVQUE0SUNEd0F3Z2dJS0FvSUNBUUNyCjlaUkxrYy9zMkx2SWIwa0VLbm1mQVlXUm5KQWk1RXN4Vkg0VnJuWUt3cW5kZ01PQ0k4dWk0Wm52d1VWV3pHWFgKblZwc1hZU1dPQ1B6WHMzM3RUVGx6Q2pJWGtmWjd3cU55ZGxxRUJra3cwOWVoRDhUK2NQRlIxaExxZWhuNzFiVQptY2Flc2ErOHBUVmwremlZRWJiQlpORjBSQlk0RnlIZ3RLSmNQdW5MMUpNczQ1VnFCNCtoS2lOc0JkQmdidnlHCkU2UnRxVzViTDJLSW5pQjl3K0ZxMENDQTJUN2Y3V2ZQMTdSSGRFbDV0dDBjbmtyTnd4WU5wMGRTV2U1SzRPZzIKR1pNL2xLUERnUzhyNXN3UGhUNXpWbjQ4WWFzV1dKblUvUWQrdG9XcUpVNzhrY2dac2hTNmVxd0p3WHVJVGt4WgpnMnZVMzFnbGZRU1o5Y2R2YU5iS2owMzFsZHM4Y0tiakVLNUxyeVp0cmpraENTc3Via3RubjJwZW9ES0VSSXhjCjY1bDRsOXE3TWVXZ2hzRlpQc2xFSCtRT0FiTi9jTDNFbjN1T0h2L2pNTmJrWW1WZXVzNlZ0aXdzYmtUbkQ3bm8KWEVFLy9xR0MzWndVbmxpaE5DY0xRM2V4Y3VXR1MzTVRnVWFVYktQNEJUemFGQjdtb2ZCdHZRenhJQTdFa2FmTwo2YmxKZ3NjNXR5ODU4b081eHBjdWdtZlA0SmdPWmhRVlY3dGxNNkJlcy95bk41cXV5aStMcWpQeHd5Z0pOekcrCmdTV3ViWWd5RGlpQ0hnU0J1Zmt5Uk9NRld5WnppdHlnb2M3bGJhOEJUcG15OFZ4OGIvTkRJNFZhUUpSRjU0T1EKaElTNzJ3dCtQMXRoNmxHc2ZxUEkvelp2czI4YnNCU0lJbjBQbHNBZ1hRSURBUUFCbzBJd1FEQU9CZ05WSFE4QgpBZjhFQkFNQ0FxUXdEd1lEVlIwVEFRSC9CQVV3QXdFQi96QWRCZ05WSFE0RUZnUVUxcS9NcGp3ZUNJUkYwVzhMCnRscGNDZ0hUTkhRd0RRWUpLb1pJaHZjTkFRRUxCUUFEZ2dJQkFGaEJKRUNGbUhPdnpRQUlRUG9LeGZjZEhBd0gKVmx0bmtJT1c5Y3JoWmxCNHFDcHVZanBrMXArWmJQMk5HeTVUSGRDaWJPNUpvbGJlR3VBV2h6c0dLQWhlNm43SgppYjIwQndNcXMwWG1xbHBQck9MUkZrZDJLU0x6bDJRSDNZMU9uaVRlUFpyK0U0bHRoeUpMdzQ0UFlCV29iSDliCmVmWkNtMmdRcUgrTlc5a2FBZGtTcTZ4dGlrQURoSk1uRE5CQzlJMDMyL3dURVg2eFdoVmFPdS9Ec3Rjd1V0NHIKOEJnTVlvVThNRSt3czhmREFXTG1GNkVndy92QU1wT3pmajk0ZVlMeGJIZDl1RFI4NFhCcmNEaTJ1T0lXT3lUbQpySHk4M2VLVVhMOCt2L3BQdzRmckhLVG9LRDUwS0xZd24wY1REV01PQytjbE1LRjBKMndsS3cvc0N0Z3Q0QnFrCmlpcFU1MXpvd056Y1IvalBIbWw1SUxzTUVjQUlSMHNQaDRJSlVwbGpiUE9wQVlkaFF4aUpoVFZnNkpSWFpaaTMKYzdtWjR1TmttNWRJWHJUSTdNTjRnUE81aHVyUTMyU2ZJenpIVURUYXZDbjhiSXZtRFJyUGNleVE5Yjc1T1pXZgpuUFBUcFJPay9uZ3pEd0R6TFU5OUNkeWZhcC9laGtIbmE3WDl5T3ZvVmtmV3N0SE43VEtWS0NxZHo5YXNFZmViCi9pY2NjSys4QTR5ZmxaMDdPZFdBUHdocDd2bDVCWlM0RlZ2U1lZeUZFcXd6VzUzZWwxQmh6N3A3NHRRRDllN0MKVlpYZWx4S0c1dDBwZ2JqTGlDWEJ2TTVmQnppNnJyT3IwWUVBRllyNjVYNzNrRU02U2tSNlZQRHBpOTdBTy8vVApSK0hmQlFkSUswWHRzN0JKCi0tLS0tRU5EIENFUlRJRklDQVRFLS0tLS0K",
                "host": "https://hero-nxkmkf08.hcp.centralindia.azmk8s.io:443",
                "password": "c3sw1xohlb8ous5i4d65tqn3nen9nkki1p6jvgndv7cr7mq2lgnfqx7kx9mt8eubbr1d9dugsd2ixi6sa0avrs3jnxclm4lbsk57al1rpu0na21q8yx5pnr0gh6muhyv",
                "username": "clusterUser_k8s-rg_hero-aks"
              }
            ],
            "kube_config_raw": "apiVersion: v1\nclusters:\n- cluster:\n    certificate-authority-data: LS0tLS1CRUdJTiBDRVJUSUZJQ0FURS0tLS0tCk1JSUU2RENDQXRDZ0F3SUJBZ0lRZkI0ZENKRVY3T0tRZ1d1RXh3dTNjakFOQmdrcWhraUc5dzBCQVFzRkFEQU4KTVFzd0NRWURWUVFERXdKallUQWdGdzB5TlRFeU1Ea3hNak15TWpkYUdBOHlNRFUxTVRJd09URXlOREl5TjFvdwpEVEVMTUFrR0ExVUVBeE1DWTJFd2dnSWlNQTBHQ1NxR1NJYjNEUUVCQVFVQUE0SUNEd0F3Z2dJS0FvSUNBUUNyCjlaUkxrYy9zMkx2SWIwa0VLbm1mQVlXUm5KQWk1RXN4Vkg0VnJuWUt3cW5kZ01PQ0k4dWk0Wm52d1VWV3pHWFgKblZwc1hZU1dPQ1B6WHMzM3RUVGx6Q2pJWGtmWjd3cU55ZGxxRUJra3cwOWVoRDhUK2NQRlIxaExxZWhuNzFiVQptY2Flc2ErOHBUVmwremlZRWJiQlpORjBSQlk0RnlIZ3RLSmNQdW5MMUpNczQ1VnFCNCtoS2lOc0JkQmdidnlHCkU2UnRxVzViTDJLSW5pQjl3K0ZxMENDQTJUN2Y3V2ZQMTdSSGRFbDV0dDBjbmtyTnd4WU5wMGRTV2U1SzRPZzIKR1pNL2xLUERnUzhyNXN3UGhUNXpWbjQ4WWFzV1dKblUvUWQrdG9XcUpVNzhrY2dac2hTNmVxd0p3WHVJVGt4WgpnMnZVMzFnbGZRU1o5Y2R2YU5iS2owMzFsZHM4Y0tiakVLNUxyeVp0cmpraENTc3Via3RubjJwZW9ES0VSSXhjCjY1bDRsOXE3TWVXZ2hzRlpQc2xFSCtRT0FiTi9jTDNFbjN1T0h2L2pNTmJrWW1WZXVzNlZ0aXdzYmtUbkQ3bm8KWEVFLy9xR0MzWndVbmxpaE5DY0xRM2V4Y3VXR1MzTVRnVWFVYktQNEJUemFGQjdtb2ZCdHZRenhJQTdFa2FmTwo2YmxKZ3NjNXR5ODU4b081eHBjdWdtZlA0SmdPWmhRVlY3dGxNNkJlcy95bk41cXV5aStMcWpQeHd5Z0pOekcrCmdTV3ViWWd5RGlpQ0hnU0J1Zmt5Uk9NRld5WnppdHlnb2M3bGJhOEJUcG15OFZ4OGIvTkRJNFZhUUpSRjU0T1EKaElTNzJ3dCtQMXRoNmxHc2ZxUEkvelp2czI4YnNCU0lJbjBQbHNBZ1hRSURBUUFCbzBJd1FEQU9CZ05WSFE4QgpBZjhFQkFNQ0FxUXdEd1lEVlIwVEFRSC9CQVV3QXdFQi96QWRCZ05WSFE0RUZnUVUxcS9NcGp3ZUNJUkYwVzhMCnRscGNDZ0hUTkhRd0RRWUpLb1pJaHZjTkFRRUxCUUFEZ2dJQkFGaEJKRUNGbUhPdnpRQUlRUG9LeGZjZEhBd0gKVmx0bmtJT1c5Y3JoWmxCNHFDcHVZanBrMXArWmJQMk5HeTVUSGRDaWJPNUpvbGJlR3VBV2h6c0dLQWhlNm43SgppYjIwQndNcXMwWG1xbHBQck9MUkZrZDJLU0x6bDJRSDNZMU9uaVRlUFpyK0U0bHRoeUpMdzQ0UFlCV29iSDliCmVmWkNtMmdRcUgrTlc5a2FBZGtTcTZ4dGlrQURoSk1uRE5CQzlJMDMyL3dURVg2eFdoVmFPdS9Ec3Rjd1V0NHIKOEJnTVlvVThNRSt3czhmREFXTG1GNkVndy92QU1wT3pmajk0ZVlMeGJIZDl1RFI4NFhCcmNEaTJ1T0lXT3lUbQpySHk4M2VLVVhMOCt2L3BQdzRmckhLVG9LRDUwS0xZd24wY1REV01PQytjbE1LRjBKMndsS3cvc0N0Z3Q0QnFrCmlpcFU1MXpvd056Y1IvalBIbWw1SUxzTUVjQUlSMHNQaDRJSlVwbGpiUE9wQVlkaFF4aUpoVFZnNkpSWFpaaTMKYzdtWjR1TmttNWRJWHJUSTdNTjRnUE81aHVyUTMyU2ZJenpIVURUYXZDbjhiSXZtRFJyUGNleVE5Yjc1T1pXZgpuUFBUcFJPay9uZ3pEd0R6TFU5OUNkeWZhcC9laGtIbmE3WDl5T3ZvVmtmV3N0SE43VEtWS0NxZHo5YXNFZmViCi9pY2NjSys4QTR5ZmxaMDdPZFdBUHdocDd2bDVCWlM0RlZ2U1lZeUZFcXd6VzUzZWwxQmh6N3A3NHRRRDllN0MKVlpYZWx4S0c1dDBwZ2JqTGlDWEJ2TTVmQnppNnJyT3IwWUVBRllyNjVYNzNrRU02U2tSNlZQRHBpOTdBTy8vVApSK0hmQlFkSUswWHRzN0JKCi0tLS0tRU5EIENFUlRJRklDQVRFLS0tLS0K\n    server: https://hero-nxkmkf08.hcp.centralindia.azmk8s.io:443\n  name: hero-aks\ncontexts:\n- context:\n    cluster: hero-aks\n    user: clusterUser_k8s-rg_hero-aks\n  name: hero-aks\ncurrent-context: hero-aks\nkind: Config\npreferences: {}\nusers:\n- name: clusterUser_k8s-rg_hero-aks\n  user:\n    client-certificate-data: LS0tLS1CRUdJTiBDRVJUSUZJQ0FURS0tLS0tCk1JSUZIakNDQXdhZ0F3SUJBZ0lSQUpqeHo0bjhrUldnUTJ6b1RzY0pXSTB3RFFZSktvWklodmNOQVFFTEJRQXcKRFRFTE1Ba0dBMVVFQXhNQ1kyRXdIaGNOTWpVeE1qQTVNVEl6TWpJM1doY05NamN4TWpBNU1USTBNakkzV2pBdwpNUmN3RlFZRFZRUUtFdzV6ZVhOMFpXMDZiV0Z6ZEdWeWN6RVZNQk1HQTFVRUF4TU1iV0Z6ZEdWeVkyeHBaVzUwCk1JSUNJakFOQmdrcWhraUc5dzBCQVFFRkFBT0NBZzhBTUlJQ0NnS0NBZ0VBNTJ1UFZPMG9jeDRhTlBQbXg0ekEKS2srU09Cb3lHazd2SFMvRzh3anpsQU1jMHE0SkMyVDViZkpFQU5TY013TTlZMncwTmhnYXk2ZTdQemlXZHhoLwpjNlFKSWtrWTdtaU5Tb2J1UVdXcXBnOGFTTU9EcXJHbXQ5Tlhjcyt3TUdqM0gwTlk0KzgyV0x3YXRmRGg0bEpNCmsveUlXZEpqWFkxUzRwcG05Y2UxVUNiRVFmcEpoWTkyWDdoYjBMMWRIc3UrdnAwRXh5dVYvbDZJSmpsL3BOS2EKSDd4Ni8xMlNUTjUxd3FCQVJrUFhlbHNRTFJtQlBMelF6UmpDOWJRbU1TYWFISi9YQTNOcjhKYmw1dFh1QzBmVgo3c3ptZjhtN0IzVlhRZm5TNCtocFE3RlJtMm5kUGJ0aWl4bmVFdllXejBBWG1WM0ZFbitBbzVvWVpibnFSNTIxClNuUmJNMDh4WnV5UUJkUGswZkJZWFUrZHl3TFMzczBNajJmMG1NVnhlTEV6VnE1NWhjc2VrZ3BVK3dmUmxiemQKcTdKZ0dVQWZtdzZiNEFyL2FMUjMwRFUxTUxveEo2WEdLSTQwby8vMHZCRWhWL25TM2RTSndieFZWalZOL1l4NQovMW01RCt5TjZnK0FyVXMvN0FBZ0N5Z1dLTU1aRkYwM05adlBEWUJicWNJd3BvYzhMWHFTaEUwbjFhSWloUXlsCkI2L1JZY09ZZDEzd0ZwaTZjSjEySjJnKzZ6TWN3b0dxUDBTZFFGeEk3SkRqMXRNTU5FdFhJRE1Gd3dZYjlYR0QKM0hpVW4vbC8ycDVCYjFsaHdSZVA5TGk5NkFWT2JwNGRESVNyN1pVbXVXRXZ5ZC92OEtab3VnU1RhZjU4MVREZQppN1QvZEJ0RmtFTnVKMmF6UFFuRVQyRUNBd0VBQWFOV01GUXdEZ1lEVlIwUEFRSC9CQVFEQWdXZ01CTUdBMVVkCkpRUU1NQW9HQ0NzR0FRVUZCd01DTUF3R0ExVWRFd0VCL3dRQ01BQXdId1lEVlIwakJCZ3dGb0FVMXEvTXBqd2UKQ0lSRjBXOEx0bHBjQ2dIVE5IUXdEUVlKS29aSWh2Y05BUUVMQlFBRGdnSUJBSmdNRjUzcnNTR3gvRnFMY2Zvcgp2a0ZpU1VYQTQyTG12R2dqK2x5Wk9vbWJWdGlydDlRQ214R083U01PaTZCWUJZZ3kvdzRyb0dQU1V4WW5LejA3CnFPQmpUOGVLMkZtUWJNREFZNDluWkRoaWE4S0pOZWVsYW9HYktKZjdqNHB4NlBDRWZYMi9BYy9wS0w1Nk15bGwKUDJVOGh6NmljalFjRHdBcWRsUWtHeXdHMmNmUlVYSTBkTHR2c21vSDJ5ekpzNFVscENRbHkwNnJjOENoYTB2eApQSnA2a0tseHRocTVoT1M3Y0lrQy84aldLLzk3eWtCWEJvUHZGb2Y2VXJZaVBtVVJCYWR3YnpiWDUxMVVpQ2M2CnpOK1FhR1MvSytHM1hxKzd3Y3F1dXpDZWVCSUZOM2QxUmxoWG1OdzZ1UW1XNXNxSDllb1lSTWxXOW1lTTdvV20KNEdtdzFuMm9jZ050eWg1dDl3SDZ2bXorL3VlMXd5VllmZFhCeUVaTDg0YWxlTlZXeGUzR2JKakp0dGZnam9SWgpwSjVDMmhVejZMU3VwY0hHTGdoNDJyMkNQNWtYZllYRmozV2xoS1Nqa2RPM0JuZzgwaTcxQXFUZzA1aEdqaS9ICkNvSllBUktXZmpoSTRzN09nUk1jeDZVemdXSHB5SEpsZjJXU29FNkE3b1pSZFA3ZGZjZERzMUlGNjRCMHU4aFUKNUpEWlNuTWovNXE1d3I1Vkx6eTFpN2ZGa2ZlaFZRUE10WDQzL0padG9Wcy81am5Hem5mVkxzcDY5WkRiZzMrZQpTNW9HcHBldUhZc0V1anBwQnpuRVpYWnIxZWtSYk5DMHVVbzUrTk5WWjZqTlp5aDY1bU5qcktwOEFpaVU3dnFFCituZnFmemhDMEc0djJiaTBzVkFUazUwZQotLS0tLUVORCBDRVJUSUZJQ0FURS0tLS0tCg==\n    client-key-data: LS0tLS1CRUdJTiBSU0EgUFJJVkFURSBLRVktLS0tLQpNSUlKS1FJQkFBS0NBZ0VBNTJ1UFZPMG9jeDRhTlBQbXg0ekFLaytTT0JveUdrN3ZIUy9HOHdqemxBTWMwcTRKCkMyVDViZkpFQU5TY013TTlZMncwTmhnYXk2ZTdQemlXZHhoL2M2UUpJa2tZN21pTlNvYnVRV1dxcGc4YVNNT0QKcXJHbXQ5Tlhjcyt3TUdqM0gwTlk0KzgyV0x3YXRmRGg0bEpNay95SVdkSmpYWTFTNHBwbTljZTFVQ2JFUWZwSgpoWTkyWDdoYjBMMWRIc3UrdnAwRXh5dVYvbDZJSmpsL3BOS2FIN3g2LzEyU1RONTF3cUJBUmtQWGVsc1FMUm1CClBMelF6UmpDOWJRbU1TYWFISi9YQTNOcjhKYmw1dFh1QzBmVjdzem1mOG03QjNWWFFmblM0K2hwUTdGUm0ybmQKUGJ0aWl4bmVFdllXejBBWG1WM0ZFbitBbzVvWVpibnFSNTIxU25SYk0wOHhadXlRQmRQazBmQllYVStkeXdMUwozczBNajJmMG1NVnhlTEV6VnE1NWhjc2VrZ3BVK3dmUmxiemRxN0pnR1VBZm13NmI0QXIvYUxSMzBEVTFNTG94Cko2WEdLSTQwby8vMHZCRWhWL25TM2RTSndieFZWalZOL1l4NS8xbTVEK3lONmcrQXJVcy83QUFnQ3lnV0tNTVoKRkYwM05adlBEWUJicWNJd3BvYzhMWHFTaEUwbjFhSWloUXlsQjYvUlljT1lkMTN3RnBpNmNKMTJKMmcrNnpNYwp3b0dxUDBTZFFGeEk3SkRqMXRNTU5FdFhJRE1Gd3dZYjlYR0QzSGlVbi9sLzJwNUJiMWxod1JlUDlMaTk2QVZPCmJwNGRESVNyN1pVbXVXRXZ5ZC92OEtab3VnU1RhZjU4MVREZWk3VC9kQnRGa0VOdUoyYXpQUW5FVDJFQ0F3RUEKQVFLQ0FnQUJFQ2JlR1BJT2I5TW0zcjgyMTlZZTU2Tk1RYzRNdmdPMkVJenZXMEZic3VVMk1FMmJOVnM2T3FKKwpkcnVTTml2Sk5mTTZNNk9GWDV1U0NYZHkrL3hEWnF1eVVpL0VzaHNpamxMQVB3aGc5NGtyVUFjZUFNK0xVUU9xCkE4dGJXSk1ZakJ1WG5mYmo0dGJVVXNORjRmTUhPOEh3V0RHanlaRTV1R1A4VVc3Yk83ZGJkbnZ4bXJCc2RZVkoKOU9HOWNVb0t0Ly9RYnFwRGF6R2d5OU15MlpNU3pkL0toaVowdHhHblM0dEtDMWdkUURkM2ZwSlAraTNUSUYvTwpaMFhFNUdpUk5MaUZFL25aSnNkTzkzait5U1ZoNGNQMkRySWUwVmFkbDJsRktlRllhZE5PTlliNk9HNzJKTC8yCitqV04vWTFTTTNxakdHMzV5bXlkNUlRUGtNbFhPRXVQOUl2QmcraGpGRC9oYndWKzhRRnlBT0hvb3J5MW5nT3oKRGFHdm9Sb2lqSjJ5eFUxbUZRakZUeW1WZ1lMYWRKbmhhU3F0TUhBUHUvU0k4TVdkTzlrM3o3RERTTHFqd3lkNgpnU2NhMVBOR3N1YXNlR1o2UVo5YzAwYWZKLzlwSGplVmY4ajlSTUExT2t6V2lieWVmc2Z5d0tyU2RpYTdpL1phCkVEbnRLZUxvZjFheHFkOS9SejhvTW01V0hPRysxTnNMRmJiSXNyS3ZJV2FicnBDeUY2NkxYYlZ6cEdET1dUR2oKaVd1UkdGSURidi9hUTB5Y3QvR3NWUHhEc2V2T0JIRHFSY3cxY1JORVcyL05KeERQWjE1TWFUZkRBcHJNdVRkSQpZSTBNS0twNlg3K1ZJZmF4RXM3TGUrNWxibHF6VlNJaGtjWTlDTUdwbDZhTkdoR3pBUUtDQVFFQStjY2cxRDN6CjlHKzE1TC8wSldnVDRCSkxWYjI0L01FZjlocHF4QnorTlVEQ011MkJVVHd6YVQ4QkttUDc3V1pleXVHRDlRbTMKNzNKMlJ5R1V4ellreU5hZ2lEWDlCaWI0dXlFYkdBU1c3Y2ZGbTAxNXJXUmxkbktNaVhzc21oTFhKVVlkaEtVagpuN0pxSm5wanJmaVpucllYUDY2VlFDa3hMTWhlOXRtcVZ6UHhjTVI0ZWo2ZDZLVis2YXlMOWoxZWlqRHNIcE83CnVjeDhFSXdxOTdCeGFPZXlxRzEwc1hMSTV5SjRyb3J1ajEzY2p6L3c0bFdPbUhOUWoyUWV5TEJWQ3VUQWZZckgKc0pXT0F5TXdsbjVlM1UzbTJPVStteFJoNDdSeXpXT005b21GUGRWSmE0NzdlZVFrNkt2MWhoaGtmbWNwZ0EzZAp2WFZsMllGalBUQjg0UUtDQVFFQTdTOWNvY2Vvbk9mdnUwOERtK2wyY3NiYXBjVW1IV0ZtMjRCT2tVR01yalh5CkVnQzIxSjVJWFlFSmZraHFZSkRKQ1c4cE5ZcGx3dlJWbStLWDRLcngrb1U1S3cvM3hVS2RpQ1pFTHh6YWJCNjQKTjU3MUJFWWZ3d3c3Y1lQbWViVHFqZUZBYlkxdEc3SnV0enliM2lvQ2ZyMjhFR1pMZXFNOVppRi9peW42RE01YgpmTi81MGdJSXVzUDN1b0ZQRE5waERLWVhKWG02SFlRMU4rTmZtQ283MEpBWlBJNldTZHRVSThaZVpyU1NsdUFPCklWUkFUZysrVGQ2VStzRkFVRWxuY0V1ZWQxbDVYUDRMLzZSNVZ2VE9oSHJFb0prLzJ6cjdTaXpxNWdOTStQWkYKU29FMzJnS1Uwc0ZOdHcyOFV6MEtFbFBoZFpoRDdzUWNpUlkybUMraWdRS0NBUUVBcmhFL3A2bWxJV3ZZYnhuMgpvenJzM3ZMZzNWZmlXd0ticTM2dGVRNWJlZkV2WlI1dlNKV1Rubnp4NndEU3lKYlc2THhRb2F1c0s0cXhNdEVNClJlaE5xa2tvaHNSWkdMaUFEcWo3b0xsU0ZWTnJPdGU3UEVNREVwQ3hyLzNQRDNDaHpyQVdVaUpqdVI4MUtxdVEKVytVcjZaY3NqSXkySm9pT1pJOGUzeGpCeFJQRjVyaUUzV3hWejVQRjVrTUJKeEdObVBDUEhLQUg2MnU5NmlwRQpwMmluSUZ5WC9SaUtnajlrRXUvSytwaUh1QkhKYTJzOEMvOWo2SW8wVWptTDJvQklROWMyN2thUTgxYkdLUm1VCitzd0dnR09SeFFXOW80V0kwbzhta2t3V0tKbWQ2WUdDTVJycjFmNVFXblc4SFQ5U2lXU0xYMXBLZFlZaS9IbFgKRjRWN0FRS0NBUUVBclpyS0FYd2pWVjJLb2g0T2RUTW55SkQyZnZsVGtaTzJkcGx1YUhHREtBeENONTBnTlhYNQpYNzlRRkllcW5TMjhpRlE5NUh0OVNub09vei95akxaeTBUeHNBTEg2Vi84UFVSVTVPUWEwZFFqekszc0V1ZkVkCjFHVUNxVzZ5NW9oZVdpVHlSSDJNekFZSmRjTStEeG5PbzdmNmpFSmpvc3NTNk10Q0VMbFQxY1hCUHlDdE9XTFYKd3VZblQvTFB5b2VaRzJvQ2JTS3c4R1BSbEN1dno2K3lBbEZHdDRWaVNZTHBEaHBuQkdQTkcvTzVRL25uNjNzbwpmdFNaVlFUWUx5dmJNMTJXQ3FPSjZsL2twbVJia0NNMWVkQm1WV3AyUzkvYkNJcmlFQ09BVm9Yalo4bzIrREtGCmZkR1JNWmd6TFBYemhrQ3hPS0tQcnBjS2oraWJZejhTZ1FLQ0FRQXZ3NnJLSjhSaFVQWjkzM0FERm14Q2dIZW4KaFNTRm1sY09udW4wWXFkU1ZkZnhLZHRaVW5rMW4zMDJGVDJpWU1TaTlMUi9xTnNUcFQydTlwQmpGT1VSblJmQgptby9PR3QwYWxCaSt1YVpzbzhyN3ZBSmhVZnBWc0NTVVgvMXJBOGFaL29WUGQ4NUpnalBSR0s4STFNbGxpUWdDClpoMXZiRCtJcjdwdlQ1a0lZcTFvVzRCcFNHTEt6UGtVb3V0UWlPdXV5cVZZSTI5VEJrWisrTGVOWHh4aWRPOVoKMm5paTE5MzBHeS84VEVURlhkeWNOTGVKYWlVcXRycmkzWlczcDN5QkFlL2F6eEZyOXBNZktKS1k4U2NLZWNOOApTbWxuSTN3eXpnVVByeGhQK2FUN2EyWkRIN1Rpc2RMZE14NEEvOU5ZR25VMnpDa1hJZEt2RGV2L1NURjkKLS0tLS1FTkQgUlNBIFBSSVZBVEUgS0VZLS0tLS0K\n    token: c3sw1xohlb8ous5i4d65tqn3nen9nkki1p6jvgndv7cr7mq2lgnfqx7kx9mt8eubbr1d9dugsd2ixi6sa0avrs3jnxclm4lbsk57al1rpu0na21q8yx5pnr0gh6muhyv\n",
            "kubelet_identity": [
              {
                "client_id": "50e9a64d-e09c-4a43-b356-3c34ba028513",
                "object_id": "16eb9138-3644-4a3c-b897-e904de2a85da",
                "user_assigned_identity_id": "/subscriptions/249a05f7-c643-4c2a-a2b0-0c1dc39022b7/resourceGroups/MC_k8s-rg_hero-aks_centralindia/providers/Microsoft.ManagedIdentity/userAssignedIdentities/hero-aks-agentpool"
              }
            ],
            "kubernetes_version": "1.32.5",
            "linux_profile": [],
            "local_account_disabled": false,
            "location": "centralindia",
            "maintenance_window": [],
            "maintenance_window_auto_upgrade": [],
            "maintenance_window_node_os": [],
            "microsoft_defender": [],
            "monitor_metrics": [],
            "name": "hero-aks",
            "network_profile": [
              {
                "advanced_networking": [],
                "dns_service_ip": "10.0.0.10",
                "ip_versions": [
                  "IPv4"
                ],
                "load_balancer_profile": [
                  {
                    "backend_pool_type": "NodeIPConfiguration",
                    "effective_outbound_ips": [
                      "/subscriptions/249a05f7-c643-4c2a-a2b0-0c1dc39022b7/resourceGroups/MC_k8s-rg_hero-aks_centralindia/providers/Microsoft.Network/publicIPAddresses/ea99d6ce-71b1-4f0f-b712-1adc89c3b616"
                    ],
                    "idle_timeout_in_minutes": 0,
                    "managed_outbound_ip_count": 1,
                    "managed_outbound_ipv6_count": 0,
                    "outbound_ip_address_ids": [],
                    "outbound_ip_prefix_ids": [],
                    "outbound_ports_allocated": 0
                  }
                ],
                "load_balancer_sku": "standard",
                "nat_gateway_profile": [],
                "network_data_plane": "azure",
                "network_mode": "",
                "network_plugin": "azure",
                "network_plugin_mode": "",
                "network_policy": "calico",
                "outbound_type": "loadBalancer",
                "pod_cidr": "",
                "pod_cidrs": [],
                "service_cidr": "10.0.0.0/16",
                "service_cidrs": [
                  "10.0.0.0/16"
                ]
              }
            ],
            "node_os_upgrade_channel": "NodeImage",
            "node_resource_group": "MC_k8s-rg_hero-aks_centralindia",
            "node_resource_group_id": "/subscriptions/249a05f7-c643-4c2a-a2b0-0c1dc39022b7/resourceGroups/MC_k8s-rg_hero-aks_centralindia",
            "oidc_issuer_enabled": false,
            "oidc_issuer_url": "",
            "oms_agent": [],
            "open_service_mesh_enabled": null,
            "portal_fqdn": "hero-nxkmkf08.portal.hcp.centralindia.azmk8s.io",
            "private_cluster_enabled": false,
            "private_cluster_public_fqdn_enabled": false,
            "private_dns_zone_id": "",
            "private_fqdn": "",
            "resource_group_name": "k8s-rg",
            "role_based_access_control_enabled": true,
            "run_command_enabled": true,
            "service_mesh_profile": [],
            "service_principal": [],
            "sku_tier": "Free",
            "storage_profile": [],
            "support_plan": "KubernetesOfficial",
            "tags": {
              "App": "k8s",
              "Env": "dev"
            },
            "timeouts": null,
            "upgrade_override": [],
            "web_app_routing": [],
            "windows_profile": [
              {
                "admin_password": "",
                "admin_username": "azureuser",
                "gmsa": [],
                "license": ""
              }
            ],
            "workload_autoscaler_profile": [],
            "workload_identity_enabled": false
          },
          "sensitive_attributes": [
            [
              {
                "type": "get_attr",
                "value": "kube_admin_config"
              }
            ],
            [
              {
                "type": "get_attr",
                "value": "kube_admin_config_raw"
              }
            ],
            [
              {
                "type": "get_attr",
                "value": "kube_config"
              }
            ],
            [
              {
                "type": "get_attr",
                "value": "kube_config_raw"
              }
            ],
            [
              {
                "type": "get_attr",
                "value": "windows_profile"
              },
              {
                "type": "index",
                "value": {
                  "value": 0,
                  "type": "number"
                }
              },
              {
                "type": "get_attr",
                "value": "admin_password"
              }
            ]
          ],
          "identity_schema_version": 0,
          "private": "eyJlMmJmYjczMC1lY2FhLTExZTYtOGY4OC0zNDM2M2JjN2M0YzAiOnsiY3JlYXRlIjo1NDAwMDAwMDAwMDAwLCJkZWxldGUiOjU0MDAwMDAwMDAwMDAsInJlYWQiOjMwMDAwMDAwMDAwMCwidXBkYXRlIjo1NDAwMDAwMDAwMDAwfSwic2NoZW1hX3ZlcnNpb24iOiIyIn0=",
          "dependencies": [
            "module.azurerm_container_registry.azurerm_container_registry.ACR",
            "module.resource_group.azurerm_resource_group.RG"
          ]
        }
      ]
    },
    {
      "module": "module.aks",
      "mode": "managed",
      "type": "azurerm_role_assignment",
      "name": "aks_acr_pull",
      "provider": "provider[\"registry.terraform.io/hashicorp/azurerm\"]",
      "instances": [
        {
          "index_key": "aks1",
          "schema_version": 0,
          "attributes": {
            "condition": "",
            "condition_version": "",
            "delegated_managed_identity_resource_id": "",
            "description": "",
            "id": "/subscriptions/249a05f7-c643-4c2a-a2b0-0c1dc39022b7/resourceGroups/k8s-rg/providers/Microsoft.ContainerRegistry/registries/awasthi123432121/providers/Microsoft.Authorization/roleAssignments/362b78f8-2fcc-e874-83b3-1bacc38a68cd",
            "name": "362b78f8-2fcc-e874-83b3-1bacc38a68cd",
            "principal_id": "16eb9138-3644-4a3c-b897-e904de2a85da",
            "principal_type": "ServicePrincipal",
            "role_definition_id": "/subscriptions/249a05f7-c643-4c2a-a2b0-0c1dc39022b7/providers/Microsoft.Authorization/roleDefinitions/7f951dda-4ed3-4680-a7ca-43fe172d538d",
            "role_definition_name": "AcrPull",
            "scope": "/subscriptions/249a05f7-c643-4c2a-a2b0-0c1dc39022b7/resourceGroups/k8s-rg/providers/Microsoft.ContainerRegistry/registries/awasthi123432121",
            "skip_service_principal_aad_check": true,
            "timeouts": null
          },
          "sensitive_attributes": [],
          "identity_schema_version": 0,
          "private": "eyJlMmJmYjczMC1lY2FhLTExZTYtOGY4OC0zNDM2M2JjN2M0YzAiOnsiY3JlYXRlIjoxODAwMDAwMDAwMDAwLCJkZWxldGUiOjE4MDAwMDAwMDAwMDAsInJlYWQiOjMwMDAwMDAwMDAwMH19",
          "dependencies": [
            "module.aks.azurerm_kubernetes_cluster.AKS",
            "module.aks.data.azurerm_container_registry.datacontainerregistry",
            "module.azurerm_container_registry.azurerm_container_registry.ACR",
            "module.resource_group.azurerm_resource_group.RG"
          ]
        }
      ]
    },
    {
      "module": "module.application_gateway",
      "mode": "data",
      "type": "azurerm_public_ip",
      "name": "datapip",
      "provider": "provider[\"registry.terraform.io/hashicorp/azurerm\"]",
      "instances": [
        {
          "index_key": "appgw1",
          "schema_version": 0,
          "attributes": {
            "allocation_method": "Static",
            "ddos_protection_mode": "VirtualNetworkInherited",
            "ddos_protection_plan_id": null,
            "domain_name_label": "",
            "fqdn": "",
            "id": "/subscriptions/249a05f7-c643-4c2a-a2b0-0c1dc39022b7/resourceGroups/k8s-rg/providers/Microsoft.Network/publicIPAddresses/hero-pip",
            "idle_timeout_in_minutes": 4,
            "ip_address": "4.213.18.99",
            "ip_tags": {},
            "ip_version": "IPv4",
            "location": "centralindia",
            "name": "hero-pip",
            "resource_group_name": "k8s-rg",
            "reverse_fqdn": "",
            "sku": "Standard",
            "tags": {
              "App": "k8s",
              "Env": "dev"
            },
            "timeouts": null,
            "zones": []
          },
          "sensitive_attributes": [],
          "identity_schema_version": 0
        }
      ]
    },
    {
      "module": "module.application_gateway",
      "mode": "data",
      "type": "azurerm_subnet",
      "name": "datasubnet",
      "provider": "provider[\"registry.terraform.io/hashicorp/azurerm\"]",
      "instances": [
        {
          "index_key": "appgw1",
          "schema_version": 0,
          "attributes": {
            "address_prefix": "10.0.2.0/24",
            "address_prefixes": [
              "10.0.2.0/24"
            ],
            "default_outbound_access_enabled": true,
            "id": "/subscriptions/249a05f7-c643-4c2a-a2b0-0c1dc39022b7/resourceGroups/k8s-rg/providers/Microsoft.Network/virtualNetworks/hero-vnet/subnets/appgw-subnet",
            "name": "appgw-subnet",
            "network_security_group_id": "",
            "private_endpoint_network_policies": "Disabled",
            "private_link_service_network_policies_enabled": true,
            "resource_group_name": "k8s-rg",
            "route_table_id": "",
            "service_endpoints": [],
            "timeouts": null,
            "virtual_network_name": "hero-vnet"
          },
          "sensitive_attributes": [],
          "identity_schema_version": 0
        }
      ]
    },
    {
      "module": "module.application_gateway",
      "mode": "managed",
      "type": "azurerm_application_gateway",
      "name": "App-Gateway",
      "provider": "provider[\"registry.terraform.io/hashicorp/azurerm\"]",
      "instances": [
        {
          "index_key": "appgw1",
          "schema_version": 0,
          "attributes": {
            "authentication_certificate": [],
            "autoscale_configuration": [],
            "backend_address_pool": [
              {
                "fqdns": [],
                "id": "/subscriptions/249a05f7-c643-4c2a-a2b0-0c1dc39022b7/resourceGroups/k8s-rg/providers/Microsoft.Network/applicationGateways/hero-appgw/backendAddressPools/backendPool1",
                "ip_addresses": [],
                "name": "backendPool1"
              }
            ],
            "backend_http_settings": [
              {
                "affinity_cookie_name": "",
                "authentication_certificate": [],
                "connection_draining": [],
                "cookie_based_affinity": "Disabled",
                "host_name": "",
                "id": "/subscriptions/249a05f7-c643-4c2a-a2b0-0c1dc39022b7/resourceGroups/k8s-rg/providers/Microsoft.Network/applicationGateways/hero-appgw/backendHttpSettingsCollection/httpSetting1",
                "name": "httpSetting1",
                "path": "/",
                "pick_host_name_from_backend_address": false,
                "port": 80,
                "probe_id": "",
                "probe_name": "",
                "protocol": "Http",
                "request_timeout": 60,
                "trusted_root_certificate_names": []
              }
            ],
            "custom_error_configuration": [],
            "enable_http2": false,
            "fips_enabled": false,
            "firewall_policy_id": "",
            "force_firewall_policy_association": false,
            "frontend_ip_configuration": [
              {
                "id": "/subscriptions/249a05f7-c643-4c2a-a2b0-0c1dc39022b7/resourceGroups/k8s-rg/providers/Microsoft.Network/applicationGateways/hero-appgw/frontendIPConfigurations/frontendIPConfig1",
                "name": "frontendIPConfig1",
                "private_ip_address": "",
                "private_ip_address_allocation": "Dynamic",
                "private_link_configuration_id": "",
                "private_link_configuration_name": "",
                "public_ip_address_id": "/subscriptions/249a05f7-c643-4c2a-a2b0-0c1dc39022b7/resourceGroups/k8s-rg/providers/Microsoft.Network/publicIPAddresses/hero-pip",
                "subnet_id": ""
              }
            ],
            "frontend_port": [
              {
                "id": "/subscriptions/249a05f7-c643-4c2a-a2b0-0c1dc39022b7/resourceGroups/k8s-rg/providers/Microsoft.Network/applicationGateways/hero-appgw/frontendPorts/frontendPort1",
                "name": "frontendPort1",
                "port": 80
              }
            ],
            "gateway_ip_configuration": [
              {
                "id": "/subscriptions/249a05f7-c643-4c2a-a2b0-0c1dc39022b7/resourceGroups/k8s-rg/providers/Microsoft.Network/applicationGateways/hero-appgw/gatewayIPConfigurations/appgw-ipconfig",
                "name": "appgw-ipconfig",
                "subnet_id": "/subscriptions/249a05f7-c643-4c2a-a2b0-0c1dc39022b7/resourceGroups/k8s-rg/providers/Microsoft.Network/virtualNetworks/hero-vnet/subnets/appgw-subnet"
              }
            ],
            "global": [],
            "http_listener": [
              {
                "custom_error_configuration": [],
                "firewall_policy_id": "",
                "frontend_ip_configuration_id": "/subscriptions/249a05f7-c643-4c2a-a2b0-0c1dc39022b7/resourceGroups/k8s-rg/providers/Microsoft.Network/applicationGateways/hero-appgw/frontendIPConfigurations/frontendIPConfig1",
                "frontend_ip_configuration_name": "frontendIPConfig1",
                "frontend_port_id": "/subscriptions/249a05f7-c643-4c2a-a2b0-0c1dc39022b7/resourceGroups/k8s-rg/providers/Microsoft.Network/applicationGateways/hero-appgw/frontendPorts/frontendPort1",
                "frontend_port_name": "frontendPort1",
                "host_name": "",
                "host_names": [],
                "id": "/subscriptions/249a05f7-c643-4c2a-a2b0-0c1dc39022b7/resourceGroups/k8s-rg/providers/Microsoft.Network/applicationGateways/hero-appgw/httpListeners/httpListener1",
                "name": "httpListener1",
                "protocol": "Http",
                "require_sni": false,
                "ssl_certificate_id": "",
                "ssl_certificate_name": "",
                "ssl_profile_id": "",
                "ssl_profile_name": ""
              }
            ],
            "id": "/subscriptions/249a05f7-c643-4c2a-a2b0-0c1dc39022b7/resourceGroups/k8s-rg/providers/Microsoft.Network/applicationGateways/hero-appgw",
            "identity": [],
            "location": "centralindia",
            "name": "hero-appgw",
            "private_endpoint_connection": [],
            "private_link_configuration": [],
            "probe": [],
            "redirect_configuration": [],
            "request_routing_rule": [
              {
                "backend_address_pool_id": "/subscriptions/249a05f7-c643-4c2a-a2b0-0c1dc39022b7/resourceGroups/k8s-rg/providers/Microsoft.Network/applicationGateways/hero-appgw/backendAddressPools/backendPool1",
                "backend_address_pool_name": "backendPool1",
                "backend_http_settings_id": "/subscriptions/249a05f7-c643-4c2a-a2b0-0c1dc39022b7/resourceGroups/k8s-rg/providers/Microsoft.Network/applicationGateways/hero-appgw/backendHttpSettingsCollection/httpSetting1",
                "backend_http_settings_name": "httpSetting1",
                "http_listener_id": "/subscriptions/249a05f7-c643-4c2a-a2b0-0c1dc39022b7/resourceGroups/k8s-rg/providers/Microsoft.Network/applicationGateways/hero-appgw/httpListeners/httpListener1",
                "http_listener_name": "httpListener1",
                "id": "/subscriptions/249a05f7-c643-4c2a-a2b0-0c1dc39022b7/resourceGroups/k8s-rg/providers/Microsoft.Network/applicationGateways/hero-appgw/requestRoutingRules/rule1",
                "name": "rule1",
                "priority": 9,
                "redirect_configuration_id": "",
                "redirect_configuration_name": "",
                "rewrite_rule_set_id": "",
                "rewrite_rule_set_name": "",
                "rule_type": "Basic",
                "url_path_map_id": "",
                "url_path_map_name": ""
              }
            ],
            "resource_group_name": "k8s-rg",
            "rewrite_rule_set": [],
            "sku": [
              {
                "capacity": 2,
                "name": "Standard_v2",
                "tier": "Standard_v2"
              }
            ],
            "ssl_certificate": [],
            "ssl_policy": [
              {
                "cipher_suites": [],
                "disabled_protocols": [],
                "min_protocol_version": "",
                "policy_name": "AppGwSslPolicy20220101",
                "policy_type": "Predefined"
              }
            ],
            "ssl_profile": [],
            "tags": {
              "App": "k8s",
              "Env": "dev"
            },
            "timeouts": null,
            "trusted_client_certificate": [],
            "trusted_root_certificate": [],
            "url_path_map": [],
            "waf_configuration": [],
            "zones": null
          },
          "sensitive_attributes": [],
          "identity_schema_version": 0,
          "identity": {
            "name": "hero-appgw",
            "resource_group_name": "k8s-rg",
            "subscription_id": "249a05f7-c643-4c2a-a2b0-0c1dc39022b7"
          },
          "private": "eyJlMmJmYjczMC1lY2FhLTExZTYtOGY4OC0zNDM2M2JjN2M0YzAiOnsiY3JlYXRlIjo1NDAwMDAwMDAwMDAwLCJkZWxldGUiOjU0MDAwMDAwMDAwMDAsInJlYWQiOjMwMDAwMDAwMDAwMCwidXBkYXRlIjo1NDAwMDAwMDAwMDAwfX0=",
          "dependencies": [
            "module.application_gateway.data.azurerm_public_ip.datapip",
            "module.application_gateway.data.azurerm_subnet.datasubnet",
            "module.public_ip.azurerm_public_ip.public_ip",
            "module.resource_group.azurerm_resource_group.RG",
            "module.virtual_network.azurerm_virtual_network.VNET"
          ]
        }
      ]
    },
    {
      "module": "module.azurerm_container_registry",
      "mode": "managed",
      "type": "azurerm_container_registry",
      "name": "ACR",
      "provider": "provider[\"registry.terraform.io/hashicorp/azurerm\"]",
      "instances": [
        {
          "index_key": "acr1",
          "schema_version": 2,
          "attributes": {
            "admin_enabled": false,
            "admin_password": "",
            "admin_username": "",
            "anonymous_pull_enabled": false,
            "data_endpoint_enabled": false,
            "data_endpoint_host_names": [],
            "encryption": [],
            "export_policy_enabled": true,
            "georeplications": [],
            "id": "/subscriptions/249a05f7-c643-4c2a-a2b0-0c1dc39022b7/resourceGroups/k8s-rg/providers/Microsoft.ContainerRegistry/registries/awasthi123432121",
            "identity": [],
            "location": "centralindia",
            "login_server": "awasthi123432121.azurecr.io",
            "name": "awasthi123432121",
            "network_rule_bypass_option": "AzureServices",
            "network_rule_set": [],
            "public_network_access_enabled": true,
            "quarantine_policy_enabled": false,
            "resource_group_name": "k8s-rg",
            "retention_policy_in_days": 0,
            "sku": "Standard",
            "tags": {
              "App": "k8s",
              "Env": "dev"
            },
            "timeouts": null,
            "trust_policy_enabled": false,
            "zone_redundancy_enabled": false
          },
          "sensitive_attributes": [
            [
              {
                "type": "get_attr",
                "value": "admin_password"
              }
            ]
          ],
          "identity_schema_version": 0,
          "private": "eyJlMmJmYjczMC1lY2FhLTExZTYtOGY4OC0zNDM2M2JjN2M0YzAiOnsiY3JlYXRlIjoxODAwMDAwMDAwMDAwLCJkZWxldGUiOjE4MDAwMDAwMDAwMDAsInJlYWQiOjMwMDAwMDAwMDAwMCwidXBkYXRlIjoxODAwMDAwMDAwMDAwfSwic2NoZW1hX3ZlcnNpb24iOiIyIn0=",
          "dependencies": [
            "module.resource_group.azurerm_resource_group.RG"
          ]
        }
      ]
    },
    {
      "module": "module.mssql_databases",
      "mode": "data",
      "type": "azurerm_mssql_server",
      "name": "data-mssql-server",
      "provider": "provider[\"registry.terraform.io/hashicorp/azurerm\"]",
      "instances": [
        {
          "index_key": "mysqldb1",
          "schema_version": 0,
          "attributes": {
            "administrator_login": "achinta",
            "express_vulnerability_assessment_enabled": false,
            "fully_qualified_domain_name": "ajaysqlserver00721.database.windows.net",
            "id": "/subscriptions/249a05f7-c643-4c2a-a2b0-0c1dc39022b7/resourceGroups/k8s-rg/providers/Microsoft.Sql/servers/ajaysqlserver00721",
            "identity": [],
            "location": "centralindia",
            "name": "ajaysqlserver00721",
            "resource_group_name": "k8s-rg",
            "restorable_dropped_database_ids": [],
            "tags": {
              "App": "k8s",
              "Env": "dev"
            },
            "timeouts": null,
            "transparent_data_encryption_key_vault_key_id": "",
            "version": "12.0"
          },
          "sensitive_attributes": [],
          "identity_schema_version": 0
        }
      ]
    },
    {
      "module": "module.mssql_databases",
      "mode": "managed",
      "type": "azurerm_mssql_database",
      "name": "MSSQL-DB",
      "provider": "provider[\"registry.terraform.io/hashicorp/azurerm\"]",
      "instances": [
        {
          "index_key": "mysqldb1",
          "schema_version": 1,
          "attributes": {
            "auto_pause_delay_in_minutes": 0,
            "collation": "SQL_Latin1_General_CP1_CI_AS",
            "create_mode": "Default",
            "creation_source_database_id": null,
            "elastic_pool_id": "",
            "enclave_type": "VBS",
            "geo_backup_enabled": true,
            "id": "/subscriptions/249a05f7-c643-4c2a-a2b0-0c1dc39022b7/resourceGroups/k8s-rg/providers/Microsoft.Sql/servers/ajaysqlserver00721/databases/ajaysqldb007",
            "identity": [],
            "import": [],
            "ledger_enabled": false,
            "license_type": "LicenseIncluded",
            "long_term_retention_policy": [
              {
                "immutable_backups_enabled": false,
                "monthly_retention": "PT0S",
                "week_of_year": 1,
                "weekly_retention": "PT0S",
                "yearly_retention": "PT0S"
              }
            ],
            "maintenance_configuration_name": "SQL_Default",
            "max_size_gb": 2,
            "min_capacity": 0,
            "name": "ajaysqldb007",
            "read_replica_count": 0,
            "read_scale": false,
            "recover_database_id": null,
            "recovery_point_id": null,
            "restore_dropped_database_id": null,
            "restore_long_term_retention_backup_id": null,
            "restore_point_in_time": null,
            "sample_name": null,
            "secondary_type": "",
            "server_id": "/subscriptions/249a05f7-c643-4c2a-a2b0-0c1dc39022b7/resourceGroups/k8s-rg/providers/Microsoft.Sql/servers/ajaysqlserver00721",
            "short_term_retention_policy": [
              {
                "backup_interval_in_hours": 24,
                "retention_days": 7
              }
            ],
            "sku_name": "S0",
            "storage_account_type": "Geo",
            "tags": {
              "App": "k8s",
              "Env": "dev"
            },
            "threat_detection_policy": [
              {
                "disabled_alerts": [],
                "email_account_admins": "Disabled",
                "email_addresses": [],
                "retention_days": 0,
                "state": "Disabled",
                "storage_account_access_key": "",
                "storage_endpoint": ""
              }
            ],
            "timeouts": null,
            "transparent_data_encryption_enabled": true,
            "transparent_data_encryption_key_automatic_rotation_enabled": false,
            "transparent_data_encryption_key_vault_key_id": "",
            "zone_redundant": false
          },
          "sensitive_attributes": [
            [
              {
                "type": "get_attr",
                "value": "threat_detection_policy"
              },
              {
                "type": "index",
                "value": {
                  "value": 0,
                  "type": "number"
                }
              },
              {
                "type": "get_attr",
                "value": "storage_account_access_key"
              }
            ]
          ],
          "identity_schema_version": 0,
          "private": "eyJlMmJmYjczMC1lY2FhLTExZTYtOGY4OC0zNDM2M2JjN2M0YzAiOnsiY3JlYXRlIjozNjAwMDAwMDAwMDAwLCJkZWxldGUiOjM2MDAwMDAwMDAwMDAsInJlYWQiOjMwMDAwMDAwMDAwMCwidXBkYXRlIjozNjAwMDAwMDAwMDAwfSwic2NoZW1hX3ZlcnNpb24iOiIxIn0=",
          "dependencies": [
            "module.mssql_databases.data.azurerm_mssql_server.data-mssql-server",
            "module.mssql_servers.azurerm_mssql_server.MSSQL-SERVER",
            "module.resource_group.azurerm_resource_group.RG"
          ]
        }
      ]
    },
    {
      "module": "module.mssql_servers",
      "mode": "managed",
      "type": "azurerm_mssql_server",
      "name": "MSSQL-SERVER",
      "provider": "provider[\"registry.terraform.io/hashicorp/azurerm\"]",
      "instances": [
        {
          "index_key": "mssql1",
          "schema_version": 0,
          "attributes": {
            "administrator_login": "achinta",
            "administrator_login_password": "Raju@834068",
            "administrator_login_password_wo": null,
            "administrator_login_password_wo_version": 0,
            "azuread_administrator": [],
            "connection_policy": "Default",
            "express_vulnerability_assessment_enabled": false,
            "fully_qualified_domain_name": "ajaysqlserver00721.database.windows.net",
            "id": "/subscriptions/249a05f7-c643-4c2a-a2b0-0c1dc39022b7/resourceGroups/k8s-rg/providers/Microsoft.Sql/servers/ajaysqlserver00721",
            "identity": [],
            "location": "centralindia",
            "minimum_tls_version": "1.2",
            "name": "ajaysqlserver00721",
            "outbound_network_restriction_enabled": false,
            "primary_user_assigned_identity_id": "",
            "public_network_access_enabled": true,
            "resource_group_name": "k8s-rg",
            "restorable_dropped_database_ids": [],
            "tags": {
              "App": "k8s",
              "Env": "dev"
            },
            "timeouts": null,
            "transparent_data_encryption_key_vault_key_id": "",
            "version": "12.0"
          },
          "sensitive_attributes": [
            [
              {
                "type": "get_attr",
                "value": "administrator_login_password"
              }
            ],
            [
              {
                "type": "get_attr",
                "value": "administrator_login_password_wo"
              }
            ]
          ],
          "identity_schema_version": 0,
          "private": "eyJlMmJmYjczMC1lY2FhLTExZTYtOGY4OC0zNDM2M2JjN2M0YzAiOnsiY3JlYXRlIjozNjAwMDAwMDAwMDAwLCJkZWxldGUiOjM2MDAwMDAwMDAwMDAsInJlYWQiOjMwMDAwMDAwMDAwMCwidXBkYXRlIjozNjAwMDAwMDAwMDAwfX0=",
          "dependencies": [
            "module.resource_group.azurerm_resource_group.RG"
          ]
        }
      ]
    },
    {
      "module": "module.public_ip",
      "mode": "managed",
      "type": "azurerm_public_ip",
      "name": "public_ip",
      "provider": "provider[\"registry.terraform.io/hashicorp/azurerm\"]",
      "instances": [
        {
          "index_key": "pip1",
          "schema_version": 0,
          "attributes": {
            "allocation_method": "Static",
            "ddos_protection_mode": "VirtualNetworkInherited",
            "ddos_protection_plan_id": null,
            "domain_name_label": null,
            "domain_name_label_scope": null,
            "edge_zone": "",
            "fqdn": null,
            "id": "/subscriptions/249a05f7-c643-4c2a-a2b0-0c1dc39022b7/resourceGroups/k8s-rg/providers/Microsoft.Network/publicIPAddresses/hero-pip",
            "idle_timeout_in_minutes": 4,
            "ip_address": "4.213.18.99",
            "ip_tags": null,
            "ip_version": "IPv4",
            "location": "centralindia",
            "name": "hero-pip",
            "public_ip_prefix_id": null,
            "resource_group_name": "k8s-rg",
            "reverse_fqdn": null,
            "sku": "Standard",
            "sku_tier": "Regional",
            "tags": {
              "App": "k8s",
              "Env": "dev"
            },
            "timeouts": null,
            "zones": null
          },
          "sensitive_attributes": [],
          "identity_schema_version": 0,
          "private": "eyJlMmJmYjczMC1lY2FhLTExZTYtOGY4OC0zNDM2M2JjN2M0YzAiOnsiY3JlYXRlIjoxODAwMDAwMDAwMDAwLCJkZWxldGUiOjE4MDAwMDAwMDAwMDAsInJlYWQiOjMwMDAwMDAwMDAwMCwidXBkYXRlIjoxODAwMDAwMDAwMDAwfX0=",
          "dependencies": [
            "module.resource_group.azurerm_resource_group.RG"
          ]
        }
      ]
    },
    {
      "module": "module.resource_group",
      "mode": "managed",
      "type": "azurerm_resource_group",
      "name": "RG",
      "provider": "provider[\"registry.terraform.io/hashicorp/azurerm\"]",
      "instances": [
        {
          "index_key": "rg1",
          "schema_version": 0,
          "attributes": {
            "id": "/subscriptions/249a05f7-c643-4c2a-a2b0-0c1dc39022b7/resourceGroups/k8s-rg",
            "location": "centralindia",
            "managed_by": "",
            "name": "k8s-rg",
            "tags": {
              "App": "k8s",
              "Env": "dev"
            },
            "timeouts": null
          },
          "sensitive_attributes": [],
          "identity_schema_version": 0,
          "private": "eyJlMmJmYjczMC1lY2FhLTExZTYtOGY4OC0zNDM2M2JjN2M0YzAiOnsiY3JlYXRlIjo1NDAwMDAwMDAwMDAwLCJkZWxldGUiOjU0MDAwMDAwMDAwMDAsInJlYWQiOjMwMDAwMDAwMDAwMCwidXBkYXRlIjo1NDAwMDAwMDAwMDAwfX0="
        }
      ]
    },
    {
      "module": "module.virtual_network",
      "mode": "managed",
      "type": "azurerm_virtual_network",
      "name": "VNET",
      "provider": "provider[\"registry.terraform.io/hashicorp/azurerm\"]",
      "instances": [
        {
          "index_key": "vnet1",
          "schema_version": 0,
          "attributes": {
            "address_space": [
              "10.0.0.0/16"
            ],
            "bgp_community": "",
            "ddos_protection_plan": [],
            "dns_servers": [],
            "edge_zone": "",
            "encryption": [],
            "flow_timeout_in_minutes": 0,
            "guid": "98533eed-708c-4d95-b73b-37952a9d1140",
            "id": "/subscriptions/249a05f7-c643-4c2a-a2b0-0c1dc39022b7/resourceGroups/k8s-rg/providers/Microsoft.Network/virtualNetworks/hero-vnet",
            "ip_address_pool": [],
            "location": "centralindia",
            "name": "hero-vnet",
            "private_endpoint_vnet_policies": "Disabled",
            "resource_group_name": "k8s-rg",
            "subnet": [
              {
                "address_prefixes": [
                  "10.0.1.0/24"
                ],
                "default_outbound_access_enabled": true,
                "delegation": [],
                "id": "/subscriptions/249a05f7-c643-4c2a-a2b0-0c1dc39022b7/resourceGroups/k8s-rg/providers/Microsoft.Network/virtualNetworks/hero-vnet/subnets/hero-subnet",
                "name": "hero-subnet",
                "private_endpoint_network_policies": "Disabled",
                "private_link_service_network_policies_enabled": true,
                "route_table_id": "",
                "security_group": "",
                "service_endpoint_policy_ids": [],
                "service_endpoints": []
              },
              {
                "address_prefixes": [
                  "10.0.2.0/24"
                ],
                "default_outbound_access_enabled": true,
                "delegation": [],
                "id": "/subscriptions/249a05f7-c643-4c2a-a2b0-0c1dc39022b7/resourceGroups/k8s-rg/providers/Microsoft.Network/virtualNetworks/hero-vnet/subnets/appgw-subnet",
                "name": "appgw-subnet",
                "private_endpoint_network_policies": "Disabled",
                "private_link_service_network_policies_enabled": true,
                "route_table_id": "",
                "security_group": "",
                "service_endpoint_policy_ids": [],
                "service_endpoints": []
              }
            ],
            "tags": {
              "App": "k8s",
              "Env": "dev"
            },
            "timeouts": null
          },
          "sensitive_attributes": [],
          "identity_schema_version": 0,
          "identity": {
            "name": "hero-vnet",
            "resource_group_name": "k8s-rg",
            "subscription_id": "249a05f7-c643-4c2a-a2b0-0c1dc39022b7"
          },
          "private": "eyJlMmJmYjczMC1lY2FhLTExZTYtOGY4OC0zNDM2M2JjN2M0YzAiOnsiY3JlYXRlIjoxODAwMDAwMDAwMDAwLCJkZWxldGUiOjE4MDAwMDAwMDAwMDAsInJlYWQiOjMwMDAwMDAwMDAwMCwidXBkYXRlIjoxODAwMDAwMDAwMDAwfX0=",
          "dependencies": [
            "module.resource_group.azurerm_resource_group.RG"
          ]
        }
      ]
    }
  ],
  "check_results": null
}
